
Microsoft Visual Studio Solution File, Format Version 12.00
# Visual Studio 14
VisualStudioVersion = 14.0.24720.0
MinimumVisualStudioVersion = 10.0.40219.1
Project("{FAE04EC0-301F-11D3-BF4B-00C04F79EFBC}") = "XPloit", "XPloit\XPloit.csproj", "{3A3DC0F6-85DD-498C-905A-6263C7553215}"
EndProject
Project("{FAE04EC0-301F-11D3-BF4B-00C04F79EFBC}") = "XPloit.Core", "XPloit.Core\XPloit.Core.csproj", "{5333AA93-B792-47CC-B006-EF7E234C1234}"
EndProject
Project("{FAE04EC0-301F-11D3-BF4B-00C04F79EFBC}") = "XPloit.Res", "XPloit.Res\XPloit.Res.csproj", "{912C9A24-1F3D-4DEC-973C-02B93303FFD4}"
EndProject
Project("{FAE04EC0-301F-11D3-BF4B-00C04F79EFBC}") = "XPloit.Test", "XPloit.Test\XPloit.Test.csproj", "{C0638F10-B7F4-40A6-A717-5041E055FCE8}"
EndProject
Project("{FAE04EC0-301F-11D3-BF4B-00C04F79EFBC}") = "XPloit.Modules", "XPloit.Modules\XPloit.Modules.csproj", "{E6F76B95-64D6-4986-8B72-B80E2B6C8C98}"
EndProject
Project("{FAE04EC0-301F-11D3-BF4B-00C04F79EFBC}") = "Xploit.Core.Rfid", "Xploit.Core.Rfid\Xploit.Core.Rfid.csproj", "{4545CFDE-9EE5-4F1B-B966-D128AF0B9A6E}"
EndProject
Global
	GlobalSection(SolutionConfigurationPlatforms) = preSolution
		Debug|Any CPU = Debug|Any CPU
		Release|Any CPU = Release|Any CPU
	EndGlobalSection
	GlobalSection(ProjectConfigurationPlatforms) = postSolution
		{3A3DC0F6-85DD-498C-905A-6263C7553215}.Debug|Any CPU.ActiveCfg = Debug|Any CPU
		{3A3DC0F6-85DD-498C-905A-6263C7553215}.Debug|Any CPU.Build.0 = Debug|Any CPU
		{3A3DC0F6-85DD-498C-905A-6263C7553215}.Release|Any CPU.ActiveCfg = Release|Any CPU
		{3A3DC0F6-85DD-498C-905A-6263C7553215}.Release|Any CPU.Build.0 = Release|Any CPU
		{5333AA93-B792-47CC-B006-EF7E234C1234}.Debug|Any CPU.ActiveCfg = Debug|Any CPU
		{5333AA93-B792-47CC-B006-EF7E234C1234}.Debug|Any CPU.Build.0 = Debug|Any CPU
		{5333AA93-B792-47CC-B006-EF7E234C1234}.Release|Any CPU.ActiveCfg = Release|Any CPU
		{5333AA93-B792-47CC-B006-EF7E234C1234}.Release|Any CPU.Build.0 = Release|Any CPU
		{912C9A24-1F3D-4DEC-973C-02B93303FFD4}.Debug|Any CPU.ActiveCfg = Debug|Any CPU
		{912C9A24-1F3D-4DEC-973C-02B93303FFD4}.Debug|Any CPU.Build.0 = Debug|Any CPU
		{912C9A24-1F3D-4DEC-973C-02B93303FFD4}.Release|Any CPU.ActiveCfg = Release|Any CPU
		{912C9A24-1F3D-4DEC-973C-02B93303FFD4}.Release|Any CPU.Build.0 = Release|Any CPU
		{C0638F10-B7F4-40A6-A717-5041E055FCE8}.Debug|Any CPU.ActiveCfg = Debug|Any CPU
		{C0638F10-B7F4-40A6-A717-5041E055FCE8}.Debug|Any CPU.Build.0 = Debug|Any CPU
		{C0638F10-B7F4-40A6-A717-5041E055FCE8}.Release|Any CPU.ActiveCfg = Release|Any CPU
		{C0638F10-B7F4-40A6-A717-5041E055FCE8}.Release|Any CPU.Build.0 = Release|Any CPU
		{E6F76B95-64D6-4986-8B72-B80E2B6C8C98}.Debug|Any CPU.ActiveCfg = Debug|Any CPU
		{E6F76B95-64D6-4986-8B72-B80E2B6C8C98}.Debug|Any CPU.Build.0 = Debug|Any CPU
		{E6F76B95-64D6-4986-8B72-B80E2B6C8C98}.Release|Any CPU.ActiveCfg = Release|Any CPU
		{E6F76B95-64D6-4986-8B72-B80E2B6C8C98}.Release|Any CPU.Build.0 = Release|Any CPU
		{4545CFDE-9EE5-4F1B-B966-D128AF0B9A6E}.Debug|Any CPU.ActiveCfg = Debug|Any CPU
		{4545CFDE-9EE5-4F1B-B966-D128AF0B9A6E}.Debug|Any CPU.Build.0 = Debug|Any CPU
		{4545CFDE-9EE5-4F1B-B966-D128AF0B9A6E}.Release|Any CPU.ActiveCfg = Release|Any CPU
		{4545CFDE-9EE5-4F1B-B966-D128AF0B9A6E}.Release|Any CPU.Build.0 = Release|Any CPU
	EndGlobalSection
	GlobalSection(SolutionProperties) = preSolution
		HideSolutionNode = FALSE
	EndGlobalSection
EndGlobal
